// !$*UTF8*$!
{
	archiveVersion = 1;
	classes = {
	};
	objectVersion = 50;
	objects = {

/* Begin PBXBuildFile section */
		9FF90C9226D0A41900538315 /* dmeoApp.swift in Sources */ = {isa = PBXBuildFile; fileRef = 9FF90C9126D0A41900538315 /* dmeoApp.swift */; };
		9FF90C9426D0A41900538315 /* ContentView.swift in Sources */ = {isa = PBXBuildFile; fileRef = 9FF90C9326D0A41900538315 /* ContentView.swift */; };
		9FF90C9626D0A41B00538315 /* Assets.xcassets in Resources */ = {isa = PBXBuildFile; fileRef = 9FF90C9526D0A41B00538315 /* Assets.xcassets */; };
		9FF90C9926D0A41B00538315 /* Preview Assets.xcassets in Resources */ = {isa = PBXBuildFile; fileRef = 9FF90C9826D0A41B00538315 /* Preview Assets.xcassets */; };
		9FF90CA426D0A41B00538315 /* dmeoTests.swift in Sources */ = {isa = PBXBuildFile; fileRef = 9FF90CA326D0A41B00538315 /* dmeoTests.swift */; };
		9FF90CAF26D0A41B00538315 /* dmeoUITests.swift in Sources */ = {isa = PBXBuildFile; fileRef = 9FF90CAE26D0A41B00538315 /* dmeoUITests.swift */; };
/* End PBXBuildFile section */

/* Begin PBXContainerItemProxy section */
		9FF90CA026D0A41B00538315 /* PBXContainerItemProxy */ = {
			isa = PBXContainerItemProxy;
			containerPortal = 9FF90C8626D0A41900538315 /* Project object */;
			proxyType = 1;
			remoteGlobalIDString = 9FF90C8D26D0A41900538315;
			remoteInfo = dmeo;
		};
		9FF90CAB26D0A41B00538315 /* PBXContainerItemProxy */ = {
			isa = PBXContainerItemProxy;
			containerPortal = 9FF90C8626D0A41900538315 /* Project object */;
			proxyType = 1;
			remoteGlobalIDString = 9FF90C8D26D0A41900538315;
			remoteInfo = dmeo;
		};
/* End PBXContainerItemProxy section */

/* Begin PBXFileReference section */
		9FF90C8E26D0A41900538315 /* dmeo.app */ = {isa = PBXFileReference; explicitFileType = wrapper.application; includeInIndex = 0; path = dmeo.app; sourceTree = BUILT_PRODUCTS_DIR; };
		9FF90C9126D0A41900538315 /* dmeoApp.swift */ = {isa = PBXFileReference; lastKnownFileType = sourcecode.swift; path = dmeoApp.swift; sourceTree = "<group>"; };
		9FF90C9326D0A41900538315 /* ContentView.swift */ = {isa = PBXFileReference; lastKnownFileType = sourcecode.swift; path = ContentView.swift; sourceTree = "<group>"; };
		9FF90C9526D0A41B00538315 /* Assets.xcassets */ = {isa = PBXFileReference; lastKnownFileType = folder.assetcatalog; path = Assets.xcassets; sourceTree = "<group>"; };
		9FF90C9826D0A41B00538315 /* Preview Assets.xcassets */ = {isa = PBXFileReference; lastKnownFileType = folder.assetcatalog; path = "Preview Assets.xcassets"; sourceTree = "<group>"; };
		9FF90C9A26D0A41B00538315 /* Info.plist */ = {isa = PBXFileReference; lastKnownFileType = text.plist.xml; path = Info.plist; sourceTree = "<group>"; };
		9FF90C9F26D0A41B00538315 /* dmeoTests.xctest */ = {isa = PBXFileReference; explicitFileType = wrapper.cfbundle; includeInIndex = 0; path = dmeoTests.xctest; sourceTree = BUILT_PRODUCTS_DIR; };
		9FF90CA326D0A41B00538315 /* dmeoTests.swift */ = {isa = PBXFileReference; lastKnownFileType = sourcecode.swift; path = dmeoTests.swift; sourceTree = "<group>"; };
		9FF90CA526D0A41B00538315 /* Info.plist */ = {isa = PBXFileReference; lastKnownFileType = text.plist.xml; path = Info.plist; sourceTree = "<group>"; };
		9FF90CAA26D0A41B00538315 /* dmeoUITests.xctest */ = {isa = PBXFileReference; explicitFileType = wrapper.cfbundle; includeInIndex = 0; path = dmeoUITests.xctest; sourceTree = BUILT_PRODUCTS_DIR; };
		9FF90CAE26D0A41B00538315 /* dmeoUITests.swift */ = {isa = PBXFileReference; lastKnownFileType = sourcecode.swift; path = dmeoUITests.swift; sourceTree = "<group>"; };
		9FF90CB026D0A41B00538315 /* Info.plist */ = {isa = PBXFileReference; lastKnownFileType = text.plist.xml; path = Info.plist; sourceTree = "<group>"; };
/* End PBXFileReference section */

/* Begin PBXFrameworksBuildPhase section */
		9FF90C8B26D0A41900538315 /* Frameworks */ = {
			isa = PBXFrameworksBuildPhase;
			buildActionMask = 2147483647;
			files = (
			);
			runOnlyForDeploymentPostprocessing = 0;
		};
		9FF90C9C26D0A41B00538315 /* Frameworks */ = {
			isa = PBXFrameworksBuildPhase;
			buildActionMask = 2147483647;
			files = (
			);
			runOnlyForDeploymentPostprocessing = 0;
		};
		9FF90CA726D0A41B00538315 /* Frameworks */ = {
			isa = PBXFrameworksBuildPhase;
			buildActionMask = 2147483647;
			files = (
			);
			runOnlyForDeploymentPostprocessing = 0;
		};
/* End PBXFrameworksBuildPhase section */

/* Begin PBXGroup section */
		9FF90C8526D0A41900538315 = {
			isa = PBXGroup;
			children = (
				9FF90C9026D0A41900538315 /* dmeo */,
				9FF90CA226D0A41B00538315 /* dmeoTests */,
				9FF90CAD26D0A41B00538315 /* dmeoUITests */,
				9FF90C8F26D0A41900538315 /* Products */,
			);
			sourceTree = "<group>";
		};
		9FF90C8F26D0A41900538315 /* Products */ = {
			isa = PBXGroup;
			children = (
				9FF90C8E26D0A41900538315 /* dmeo.app */,
				9FF90C9F26D0A41B00538315 /* dmeoTests.xctest */,
				9FF90CAA26D0A41B00538315 /* dmeoUITests.xctest */,
			);
			name = Products;
			sourceTree = "<group>";
		};
		9FF90C9026D0A41900538315 /* dmeo */ = {
			isa = PBXGroup;
			children = (
				9FF90C9126D0A41900538315 /* dmeoApp.swift */,
				9FF90C9326D0A41900538315 /* ContentView.swift */,
				9FF90C9526D0A41B00538315 /* Assets.xcassets */,
				9FF90C9A26D0A41B00538315 /* Info.plist */,
				9FF90C9726D0A41B00538315 /* Preview Content */,
			);
			path = dmeo;
			sourceTree = "<group>";
		};
		9FF90C9726D0A41B00538315 /* Preview Content */ = {
			isa = PBXGroup;
			children = (
				9FF90C9826D0A41B00538315 /* Preview Assets.xcassets */,
			);
			path = "Preview Content";
			sourceTree = "<group>";
		};
		9FF90CA226D0A41B00538315 /* dmeoTests */ = {
			isa = PBXGroup;
			children = (
				9FF90CA326D0A41B00538315 /* dmeoTests.swift */,
				9FF90CA526D0A41B00538315 /* Info.plist */,
			);
			path = dmeoTests;
			sourceTree = "<group>";
		};
		9FF90CAD26D0A41B00538315 /* dmeoUITests */ = {
			isa = PBXGroup;
			children = (
				9FF90CAE26D0A41B00538315 /* dmeoUITests.swift */,
				9FF90CB026D0A41B00538315 /* Info.plist */,
			);
			path = dmeoUITests;
			sourceTree = "<group>";
		};
/* End PBXGroup section */

/* Begin PBXNativeTarget section */
		9FF90C8D26D0A41900538315 /* dmeo */ = {
			isa = PBXNativeTarget;
			buildConfigurationList = 9FF90CB326D0A41B00538315 /* Build configuration list for PBXNativeTarget "dmeo" */;
			buildPhases = (
				9FF90C8A26D0A41900538315 /* Sources */,
				9FF90C8B26D0A41900538315 /* Frameworks */,
				9FF90C8C26D0A41900538315 /* Resources */,
			);
			buildRules = (
			);
			dependencies = (
			);
			name = dmeo;
			productName = dmeo;
			productReference = 9FF90C8E26D0A41900538315 /* dmeo.app */;
			productType = "com.apple.product-type.application";
		};
		9FF90C9E26D0A41B00538315 /* dmeoTests */ = {
			isa = PBXNativeTarget;
			buildConfigurationList = 9FF90CB626D0A41B00538315 /* Build configuration list for PBXNativeTarget "dmeoTests" */;
			buildPhases = (
				9FF90C9B26D0A41B00538315 /* Sources */,
				9FF90C9C26D0A41B00538315 /* Frameworks */,
				9FF90C9D26D0A41B00538315 /* Resources */,
			);
			buildRules = (
			);
			dependencies = (
				9FF90CA126D0A41B00538315 /* PBXTargetDependency */,
			);
			name = dmeoTests;
			productName = dmeoTests;
			productReference = 9FF90C9F26D0A41B00538315 /* dmeoTests.xctest */;
			productType = "com.apple.product-type.bundle.unit-test";
		};
		9FF90CA926D0A41B00538315 /* dmeoUITests */ = {
			isa = PBXNativeTarget;
			buildConfigurationList = 9FF90CB926D0A41B00538315 /* Build configuration list for PBXNativeTarget "dmeoUITests" */;
			buildPhases = (
				9FF90CA626D0A41B00538315 /* Sources */,
				9FF90CA726D0A41B00538315 /* Frameworks */,
				9FF90CA826D0A41B00538315 /* Resources */,
			);
			buildRules = (
			);
			dependencies = (
				9FF90CAC26D0A41B00538315 /* PBXTargetDependency */,
			);
			name = dmeoUITests;
			productName = dmeoUITests;
			productReference = 9FF90CAA26D0A41B00538315 /* dmeoUITests.xctest */;
			productType = "com.apple.product-type.bundle.ui-testing";
		};
/* End PBXNativeTarget section */

/* Begin PBXProject section */
		9FF90C8626D0A41900538315 /* Project object */ = {
			isa = PBXProject;
			attributes = {
				LastSwiftUpdateCheck = 1250;
				LastUpgradeCheck = 1250;
				TargetAttributes = {
					9FF90C8D26D0A41900538315 = {
						CreatedOnToolsVersion = 12.5.1;
					};
					9FF90C9E26D0A41B00538315 = {
						CreatedOnToolsVersion = 12.5.1;
						TestTargetID = 9FF90C8D26D0A41900538315;
					};
					9FF90CA926D0A41B00538315 = {
						CreatedOnToolsVersion = 12.5.1;
						TestTargetID = 9FF90C8D26D0A41900538315;
					};
				};
			};
			buildConfigurationList = 9FF90C8926D0A41900538315 /* Build configuration list for PBXProject "dmeo" */;
			compatibilityVersion = "Xcode 9.3";
			developmentRegion = en;
			hasScannedForEncodings = 0;
			knownRegions = (
				en,
				Base,
			);
			mainGroup = 9FF90C8526D0A41900538315;
			productRefGroup = 9FF90C8F26D0A41900538315 /* Products */;
			projectDirPath = "";
			projectRoot = "";
			targets = (
				9FF90C8D26D0A41900538315 /* dmeo */,
				9FF90C9E26D0A41B00538315 /* dmeoTests */,
				9FF90CA926D0A41B00538315 /* dmeoUITests */,
			);
		};
/* End PBXProject section */

/* Begin PBXResourcesBuildPhase section */
		9FF90C8C26D0A41900538315 /* Resources */ = {
			isa = PBXResourcesBuildPhase;
			buildActionMask = 2147483647;
			files = (
				9FF90C9926D0A41B00538315 /* Preview Assets.xcassets in Resources */,
				9FF90C9626D0A41B00538315 /* Assets.xcassets in Resources */,
			);
			runOnlyForDeploymentPostprocessing = 0;
		};
		9FF90C9D26D0A41B00538315 /* Resources */ = {
			isa = PBXResourcesBuildPhase;
			buildActionMask = 2147483647;
			files = (
			);
			runOnlyForDeploymentPostprocessing = 0;
		};
		9FF90CA826D0A41B00538315 /* Resources */ = {
			isa = PBXResourcesBuildPhase;
			buildActionMask = 2147483647;
			files = (
			);
			runOnlyForDeploymentPostprocessing = 0;
		};
/* End PBXResourcesBuildPhase section */

/* Begin PBXSourcesBuildPhase section */
		9FF90C8A26D0A41900538315 /* Sources */ = {
			isa = PBXSourcesBuildPhase;
			buildActionMask = 2147483647;
			files = (
				9FF90C9426D0A41900538315 /* ContentView.swift in Sources */,
				9FF90C9226D0A41900538315 /* dmeoApp.swift in Sources */,
			);
			runOnlyForDeploymentPostprocessing = 0;
		};
		9FF90C9B26D0A41B00538315 /* Sources */ = {
			isa = PBXSourcesBuildPhase;
			buildActionMask = 2147483647;
			files = (
				9FF90CA426D0A41B00538315 /* dmeoTests.swift in Sources */,
			);
			runOnlyForDeploymentPostprocessing = 0;
		};
		9FF90CA626D0A41B00538315 /* Sources */ = {
			isa = PBXSourcesBuildPhase;
			buildActionMask = 2147483647;
			files = (
				9FF90CAF26D0A41B00538315 /* dmeoUITests.swift in Sources */,
			);
			runOnlyForDeploymentPostprocessing = 0;
		};
/* End PBXSourcesBuildPhase section */

/* Begin PBXTargetDependency section */
		9FF90CA126D0A41B00538315 /* PBXTargetDependency */ = {
			isa = PBXTargetDependency;
			target = 9FF90C8D26D0A41900538315 /* dmeo */;
			targetProxy = 9FF90CA026D0A41B00538315 /* PBXContainerItemProxy */;
		};
		9FF90CAC26D0A41B00538315 /* PBXTargetDependency */ = {
			isa = PBXTargetDependency;
			target = 9FF90C8D26D0A41900538315 /* dmeo */;
			targetProxy = 9FF90CAB26D0A41B00538315 /* PBXContainerItemProxy */;
		};
/* End PBXTargetDependency section */

/* Begin XCBuildConfiguration section */
		9FF90CB126D0A41B00538315 /* Debug */ = {
			isa = XCBuildConfiguration;
			buildSettings = {
				ALWAYS_SEARCH_USER_PATHS = NO;
				CLANG_ANALYZER_NONNULL = YES;
				CLANG_ANALYZER_NUMBER_OBJECT_CONVERSION = YES_AGGRESSIVE;
				CLANG_CXX_LANGUAGE_STANDARD = "gnu++14";
				CLANG_CXX_LIBRARY = "libc++";
				CLANG_ENABLE_MODULES = YES;
				CLANG_ENABLE_OBJC_ARC = YES;
				CLANG_ENABLE_OBJC_WEAK = YES;
				CLANG_WARN_BLOCK_CAPTURE_AUTORELEASING = YES;
				CLANG_WARN_BOOL_CONVERSION = YES;
				CLANG_WARN_COMMA = YES;
				CLANG_WARN_CONSTANT_CONVERSION = YES;
				CLANG_WARN_DEPRECATED_OBJC_IMPLEMENTATIONS = YES;
				CLANG_WARN_DIRECT_OBJC_ISA_USAGE = YES_ERROR;
				CLANG_WARN_DOCUMENTATION_COMMENTS = YES;
				CLANG_WARN_EMPTY_BODY = YES;
				CLANG_WARN_ENUM_CONVERSION = YES;
				CLANG_WARN_INFINITE_RECURSION = YES;
				CLANG_WARN_INT_CONVERSION = YES;
				CLANG_WARN_NON_LITERAL_NULL_CONVERSION = YES;
				CLANG_WARN_OBJC_IMPLICIT_RETAIN_SELF = YES;
				CLANG_WARN_OBJC_LITERAL_CONVERSION = YES;
				CLANG_WARN_OBJC_ROOT_CLASS = YES_ERROR;
				CLANG_WARN_QUOTED_INCLUDE_IN_FRAMEWORK_HEADER = YES;
				CLANG_WARN_RANGE_LOOP_ANALYSIS = YES;
				CLANG_WARN_STRICT_PROTOTYPES = YES;
				CLANG_WARN_SUSPICIOUS_MOVE = YES;
				CLANG_WARN_UNGUARDED_AVAILABILITY = YES_AGGRESSIVE;
				CLANG_WARN_UNREACHABLE_CODE = YES;
				CLANG_WARN__DUPLICATE_METHOD_MATCH = YES;
				COPY_PHASE_STRIP = NO;
				DEBUG_INFORMATION_FORMAT = dwarf;
				ENABLE_STRICT_OBJC_MSGSEND = YES;
				ENABLE_TESTABILITY = YES;
				GCC_C_LANGUAGE_STANDARD = gnu11;
				GCC_DYNAMIC_NO_PIC = NO;
				GCC_NO_COMMON_BLOCKS = YES;
				GCC_OPTIMIZATION_LEVEL = 0;
				GCC_PREPROCESSOR_DEFINITIONS = (
					"DEBUG=1",
					"$(inherited)",
				);
				GCC_WARN_64_TO_32_BIT_CONVERSION = YES;
				GCC_WARN_ABOUT_RETURN_TYPE = YES_ERROR;
				GCC_WARN_UNDECLARED_SELECTOR = YES;
				GCC_WARN_UNINITIALIZED_AUTOS = YES_AGGRESSIVE;
				GCC_WARN_UNUSED_FUNCTION = YES;
				GCC_WARN_UNUSED_VARIABLE = YES;
				IPHONEOS_DEPLOYMENT_TARGET = 14.5;
				MTL_ENABLE_DEBUG_INFO = INCLUDE_SOURCE;
				MTL_FAST_MATH = YES;
				ONLY_ACTIVE_ARCH = YES;
				SDKROOT = iphoneos;
				SWIFT_ACTIVE_COMPILATION_CONDITIONS = DEBUG;
				SWIFT_OPTIMIZATION_LEVEL = "-Onone";
			};
			name = Debug;
		};
		9FF90CB226D0A41B00538315 /* Release */ = {
			isa = XCBuildConfiguration;
			buildSettings = {
				ALWAYS_SEARCH_USER_PATHS = NO;
				CLANG_ANALYZER_NONNULL = YES;
				CLANG_ANALYZER_NUMBER_OBJECT_CONVERSION = YES_AGGRESSIVE;
				CLANG_CXX_LANGUAGE_STANDARD = "gnu++14";
				CLANG_CXX_LIBRARY = "libc++";
				CLANG_ENABLE_MODULES = YES;
				CLANG_ENABLE_OBJC_ARC = YES;
				CLANG_ENABLE_OBJC_WEAK = YES;
				CLANG_WARN_BLOCK_CAPTURE_AUTORELEASING = YES;
				CLANG_WARN_BOOL_CONVERSION = YES;
				CLANG_WARN_COMMA = YES;
				CLANG_WARN_CONSTANT_CONVERSION = YES;
				CLANG_WARN_DEPRECATED_OBJC_IMPLEMENTATIONS = YES;
				CLANG_WARN_DIRECT_OBJC_ISA_USAGE = YES_ERROR;
				CLANG_WARN_DOCUMENTATION_COMMENTS = YES;
				CLANG_WARN_EMPTY_BODY = YES;
				CLANG_WARN_ENUM_CONVERSION = YES;
				CLANG_WARN_INFINITE_RECURSION = YES;
				CLANG_WARN_INT_CONVERSION = YES;
				CLANG_WARN_NON_LITERAL_NULL_CONVERSION = YES;
				CLANG_WARN_OBJC_IMPLICIT_RETAIN_SELF = YES;
				CLANG_WARN_OBJC_LITERAL_CONVERSION = YES;
				CLANG_WARN_OBJC_ROOT_CLASS = YES_ERROR;
				CLANG_WARN_QUOTED_INCLUDE_IN_FRAMEWORK_HEADER = YES;
				CLANG_WARN_RANGE_LOOP_ANALYSIS = YES;
				CLANG_WARN_STRICT_PROTOTYPES = YES;
				CLANG_WARN_SUSPICIOUS_MOVE = YES;
				CLANG_WARN_UNGUARDED_AVAILABILITY = YES_AGGRESSIVE;
				CLANG_WARN_UNREACHABLE_CODE = YES;
				CLANG_WARN__DUPLICATE_METHOD_MATCH = YES;
				COPY_PHASE_STRIP = NO;
				DEBUG_INFORMATION_FORMAT = "dwarf-with-dsym";
				ENABLE_NS_ASSERTIONS = NO;
				ENABLE_STRICT_OBJC_MSGSEND = YES;
				GCC_C_LANGUAGE_STANDARD = gnu11;
				GCC_NO_COMMON_BLOCKS = YES;
				GCC_WARN_64_TO_32_BIT_CONVERSION = YES;
				GCC_WARN_ABOUT_RETURN_TYPE = YES_ERROR;
				GCC_WARN_UNDECLARED_SELECTOR = YES;
				GCC_WARN_UNINITIALIZED_AUTOS = YES_AGGRESSIVE;
				GCC_WARN_UNUSED_FUNCTION = YES;
				GCC_WARN_UNUSED_VARIABLE = YES;
				IPHONEOS_DEPLOYMENT_TARGET = 14.5;
				MTL_ENABLE_DEBUG_INFO = NO;
				MTL_FAST_MATH = YES;
				SDKROOT = iphoneos;
				SWIFT_COMPILATION_MODE = wholemodule;
				SWIFT_OPTIMIZATION_LEVEL = "-O";
				VALIDATE_PRODUCT = YES;
			};
			name = Release;
		};
		9FF90CB426D0A41B00538315 /* Debug */ = {
			isa = XCBuildConfiguration;
			buildSettings = {
				ASSETCATALOG_COMPILER_APPICON_NAME = AppIcon;
				ASSETCATALOG_COMPILER_GLOBAL_ACCENT_COLOR_NAME = AccentColor;
				CODE_SIGN_STYLE = Automatic;
				DEVELOPMENT_ASSET_PATHS = "\"dmeo/Preview Content\"";
				ENABLE_PREVIEWS = YES;
				INFOPLIST_FILE = dmeo/Info.plist;
				IPHONEOS_DEPLOYMENT_TARGET = 14.0;
				LD_RUNPATH_SEARCH_PATHS = (
					"$(inherited)",
					"@executable_path/Frameworks",
				);
				PRODUCT_BUNDLE_IDENTIFIER = jeff.dmeo;
				PRODUCT_NAME = "$(TARGET_NAME)";
				SWIFT_VERSION = 5.0;
				TARGETED_DEVICE_FAMILY = "1,2";
			};
			name = Debug;
		};
		9FF90CB526D0A41B00538315 /* Release */ = {
			isa = XCBuildConfiguration;
			buildSettings = {
				ASSETCATALOG_COMPILER_APPICON_NAME = AppIcon;
				ASSETCATALOG_COMPILER_GLOBAL_ACCENT_COLOR_NAME = AccentColor;
				CODE_SIGN_STYLE = Automatic;
				DEVELOPMENT_ASSET_PATHS = "\"dmeo/Preview Content\"";
				ENABLE_PREVIEWS = YES;
				INFOPLIST_FILE = dmeo/Info.plist;
				IPHONEOS_DEPLOYMENT_TARGET = 14.0;
				LD_RUNPATH_SEARCH_PATHS = (
					"$(inherited)",
					"@executable_path/Frameworks",
				);
				PRODUCT_BUNDLE_IDENTIFIER = jeff.dmeo;
				PRODUCT_NAME = "$(TARGET_NAME)";
				SWIFT_VERSION = 5.0;
				TARGETED_DEVICE_FAMILY = "1,2";
			};
			name = Release;
		};
		9FF90CB726D0A41B00538315 /* Debug */ = {
			isa = XCBuildConfiguration;
			buildSettings = {
				ALWAYS_EMBED_SWIFT_STANDARD_LIBRARIES = YES;
				BUNDLE_LOADER = "$(TEST_HOST)";
				CODE_SIGN_STYLE = Automatic;
				INFOPLIST_FILE = dmeoTests/Info.plist;
				IPHONEOS_DEPLOYMENT_TARGET = 14.0;
				LD_RUNPATH_SEARCH_PATHS = (
					"$(inherited)",
					"@executable_path/Frameworks",
					"@loader_path/Frameworks",
				);
				PRODUCT_BUNDLE_IDENTIFIER = jeff.dmeoTests;
				PRODUCT_NAME = "$(TARGET_NAME)";
				SWIFT_VERSION = 5.0;
				TARGETED_DEVICE_FAMILY = "1,2";
				TEST_HOST = "$(BUILT_PRODUCTS_DIR)/dmeo.app/dmeo";
			};
			name = Debug;
		};
		9FF90CB826D0A41B00538315 /* Release */ = {
			isa = XCBuildConfiguration;
			buildSettings = {
				ALWAYS_EMBED_SWIFT_STANDARD_LIBRARIES = YES;
				BUNDLE_LOADER = "$(TEST_HOST)";
				CODE_SIGN_STYLE = Automatic;
				INFOPLIST_FILE = dmeoTests/Info.plist;
				IPHONEOS_DEPLOYMENT_TARGET = 14.0;
				LD_RUNPATH_SEARCH_PATHS = (
					"$(inherited)",
					"@executable_path/Frameworks",
					"@loader_path/Frameworks",
				);
				PRODUCT_BUNDLE_IDENTIFIER = jeff.dmeoTests;
				PRODUCT_NAME = "$(TARGET_NAME)";
				SWIFT_VERSION = 5.0;
				TARGETED_DEVICE_FAMILY = "1,2";
				TEST_HOST = "$(BUILT_PRODUCTS_DIR)/dmeo.app/dmeo";
			};
			name = Release;
		};
		9FF90CBA26D0A41B00538315 /* Debug */ = {
			isa = XCBuildConfiguration;
			buildSettings = {
				ALWAYS_EMBED_SWIFT_STANDARD_LIBRARIES = YES;
				CODE_SIGN_STYLE = Automatic;
				INFOPLIST_FILE = dmeoUITests/Info.plist;
				LD_RUNPATH_SEARCH_PATHS = (
					"$(inherited)",
					"@executable_path/Frameworks",
					"@loader_path/Frameworks",
				);
				PRODUCT_BUNDLE_IDENTIFIER = jeff.dmeoUITests;
				PRODUCT_NAME = "$(TARGET_NAME)";
				SWIFT_VERSION = 5.0;
				TARGETED_DEVICE_FAMILY = "1,2";
				TEST_TARGET_NAME = dmeo;
			};
			name = Debug;
		};
		9FF90CBB26D0A41B00538315 /* Release */ = {
			isa = XCBuildConfiguration;
			buildSettings = {
				ALWAYS_EMBED_SWIFT_STANDARD_LIBRARIES = YES;
				CODE_SIGN_STYLE = Automatic;
				INFOPLIST_FILE = dmeoUITests/Info.plist;
				LD_RUNPATH_SEARCH_PATHS = (
					"$(inherited)",
					"@executable_path/Frameworks",
					"@loader_path/Frameworks",
				);
				PRODUCT_BUNDLE_IDENTIFIER = jeff.dmeoUITests;
				PRODUCT_NAME = "$(TARGET_NAME)";
				SWIFT_VERSION = 5.0;
				TARGETED_DEVICE_FAMILY = "1,2";
				TEST_TARGET_NAME = dmeo;
			};
			name = Release;
		};
/* End XCBuildConfiguration section */

/* Begin XCConfigurationList section */
		9FF90C8926D0A41900538315 /* Build configuration list for PBXProject "dmeo" */ = {
			isa = XCConfigurationList;
			buildConfigurations = (
				9FF90CB126D0A41B00538315 /* Debug */,
				9FF90CB226D0A41B00538315 /* Release */,
			);
			defaultConfigurationIsVisible = 0;
			defaultConfigurationName = Release;
		};
		9FF90CB326D0A41B00538315 /* Build configuration list for PBXNativeTarget "dmeo" */ = {
			isa = XCConfigurationList;
			buildConfigurations = (
				9FF90CB426D0A41B00538315 /* Debug */,
				9FF90CB526D0A41B00538315 /* Release */,
			);
			defaultConfigurationIsVisible = 0;
			defaultConfigurationName = Release;
		};
		9FF90CB626D0A41B00538315 /* Build configuration list for PBXNativeTarget "dmeoTests" */ = {
			isa = XCConfigurationList;
			buildConfigurations = (
				9FF90CB726D0A41B00538315 /* Debug */,
				9FF90CB826D0A41B00538315 /* Release */,
			);
			defaultConfigurationIsVisible = 0;
			defaultConfigurationName = Release;
		};
		9FF90CB926D0A41B00538315 /* Build configuration list for PBXNativeTarget "dmeoUITests" */ = {
			isa = XCConfigurationList;
			buildConfigurations = (
				9FF90CBA26D0A41B00538315 /* Debug */,
				9FF90CBB26D0A41B00538315 /* Release */,
			);
			defaultConfigurationIsVisible = 0;
			defaultConfigurationName = Release;
		};
/* End XCConfigurationList section */
	};
	rootObject = 9FF90C8626D0A41900538315 /* Project object */;
}
